
Microsoft Visual Studio Solution File, Format Version 12.00
# Visual Studio 15
VisualStudioVersion = 15.0.28010.2046
MinimumVisualStudioVersion = 10.0.40219.1
Project("{FAE04EC0-301F-11D3-BF4B-00C04F79EFBC}") = "Assignment14_Ques1", "Assignment14_Ques1\Assignment14_Ques1.csproj", "{A309D8F3-C537-46D2-A876-79B62E880904}"
EndProject
Global
	GlobalSection(SolutionConfigurationPlatforms) = preSolution
		Debug|Any CPU = Debug|Any CPU
		Release|Any CPU = Release|Any CPU
	EndGlobalSection
	GlobalSection(ProjectConfigurationPlatforms) = postSolution
		{A309D8F3-C537-46D2-A876-79B62E880904}.Debug|Any CPU.ActiveCfg = Debug|Any CPU
		{A309D8F3-C537-46D2-A876-79B62E880904}.Debug|Any CPU.Build.0 = Debug|Any CPU
		{A309D8F3-C537-46D2-A876-79B62E880904}.Release|Any CPU.ActiveCfg = Release|Any CPU
		{A309D8F3-C537-46D2-A876-79B62E880904}.Release|Any CPU.Build.0 = Release|Any CPU
	EndGlobalSection
	GlobalSection(SolutionProperties) = preSolution
		HideSolutionNode = FALSE
	EndGlobalSection
	GlobalSection(ExtensibilityGlobals) = postSolution
		SolutionGuid = {F571123D-8AE4-479C-92C3-2607E76F1CC8}
	EndGlobalSection
EndGlobal
