
Microsoft Visual Studio Solution File, Format Version 12.00
# Visual Studio 15
VisualStudioVersion = 15.0.28010.2048
MinimumVisualStudioVersion = 10.0.40219.1
Project("{FAE04EC0-301F-11D3-BF4B-00C04F79EFBC}") = "Q2_Automatic_Start_Services", "Q2_Automatic_Start_Services\Q2_Automatic_Start_Services.csproj", "{B6C5DA3F-0886-4039-AE0F-051FB4D3E791}"
EndProject
Global
	GlobalSection(SolutionConfigurationPlatforms) = preSolution
		Debug|Any CPU = Debug|Any CPU
		Release|Any CPU = Release|Any CPU
	EndGlobalSection
	GlobalSection(ProjectConfigurationPlatforms) = postSolution
		{B6C5DA3F-0886-4039-AE0F-051FB4D3E791}.Debug|Any CPU.ActiveCfg = Debug|Any CPU
		{B6C5DA3F-0886-4039-AE0F-051FB4D3E791}.Debug|Any CPU.Build.0 = Debug|Any CPU
		{B6C5DA3F-0886-4039-AE0F-051FB4D3E791}.Release|Any CPU.ActiveCfg = Release|Any CPU
		{B6C5DA3F-0886-4039-AE0F-051FB4D3E791}.Release|Any CPU.Build.0 = Release|Any CPU
	EndGlobalSection
	GlobalSection(SolutionProperties) = preSolution
		HideSolutionNode = FALSE
	EndGlobalSection
	GlobalSection(ExtensibilityGlobals) = postSolution
		SolutionGuid = {F828775C-0745-45AB-BC10-69FF6A6DC93F}
	EndGlobalSection
EndGlobal
