
Microsoft Visual Studio Solution File, Format Version 12.00
# Visual Studio 2012
Project("{FAE04EC0-301F-11D3-BF4B-00C04F79EFBC}") = "Que1MaxMinOf3", "Que1MaxMinOf3\Que1MaxMinOf3.csproj", "{F108D726-22B6-46E6-9C08-75B5BC8B2B4E}"
EndProject
Global
	GlobalSection(SolutionConfigurationPlatforms) = preSolution
		Debug|Any CPU = Debug|Any CPU
		Release|Any CPU = Release|Any CPU
	EndGlobalSection
	GlobalSection(ProjectConfigurationPlatforms) = postSolution
		{F108D726-22B6-46E6-9C08-75B5BC8B2B4E}.Debug|Any CPU.ActiveCfg = Debug|Any CPU
		{F108D726-22B6-46E6-9C08-75B5BC8B2B4E}.Debug|Any CPU.Build.0 = Debug|Any CPU
		{F108D726-22B6-46E6-9C08-75B5BC8B2B4E}.Release|Any CPU.ActiveCfg = Release|Any CPU
		{F108D726-22B6-46E6-9C08-75B5BC8B2B4E}.Release|Any CPU.Build.0 = Release|Any CPU
	EndGlobalSection
	GlobalSection(SolutionProperties) = preSolution
		HideSolutionNode = FALSE
	EndGlobalSection
EndGlobal
