
Microsoft Visual Studio Solution File, Format Version 12.00
# Visual Studio 15
VisualStudioVersion = 15.0.28010.2048
MinimumVisualStudioVersion = 10.0.40219.1
Project("{FAE04EC0-301F-11D3-BF4B-00C04F79EFBC}") = "Q1_Manual_Services", "Q1_Manual_Services\Q1_Manual_Services.csproj", "{9FF5C485-7BBA-4C82-8043-363271DDE9DC}"
EndProject
Global
	GlobalSection(SolutionConfigurationPlatforms) = preSolution
		Debug|Any CPU = Debug|Any CPU
		Release|Any CPU = Release|Any CPU
	EndGlobalSection
	GlobalSection(ProjectConfigurationPlatforms) = postSolution
		{9FF5C485-7BBA-4C82-8043-363271DDE9DC}.Debug|Any CPU.ActiveCfg = Debug|Any CPU
		{9FF5C485-7BBA-4C82-8043-363271DDE9DC}.Debug|Any CPU.Build.0 = Debug|Any CPU
		{9FF5C485-7BBA-4C82-8043-363271DDE9DC}.Release|Any CPU.ActiveCfg = Release|Any CPU
		{9FF5C485-7BBA-4C82-8043-363271DDE9DC}.Release|Any CPU.Build.0 = Release|Any CPU
	EndGlobalSection
	GlobalSection(SolutionProperties) = preSolution
		HideSolutionNode = FALSE
	EndGlobalSection
	GlobalSection(ExtensibilityGlobals) = postSolution
		SolutionGuid = {819BD608-9E82-46C8-8011-D0BE0893A3FB}
	EndGlobalSection
EndGlobal
