
Microsoft Visual Studio Solution File, Format Version 12.00
# Visual Studio 15
VisualStudioVersion = 15.0.28010.2046
MinimumVisualStudioVersion = 10.0.40219.1
Project("{FAE04EC0-301F-11D3-BF4B-00C04F79EFBC}") = "CalculatorDemo", "CalculatorDemo\CalculatorDemo.csproj", "{D20342A2-91F9-4064-B904-35C7E2E79434}"
EndProject
Global
	GlobalSection(SolutionConfigurationPlatforms) = preSolution
		Debug|Any CPU = Debug|Any CPU
		Release|Any CPU = Release|Any CPU
	EndGlobalSection
	GlobalSection(ProjectConfigurationPlatforms) = postSolution
		{D20342A2-91F9-4064-B904-35C7E2E79434}.Debug|Any CPU.ActiveCfg = Debug|Any CPU
		{D20342A2-91F9-4064-B904-35C7E2E79434}.Debug|Any CPU.Build.0 = Debug|Any CPU
		{D20342A2-91F9-4064-B904-35C7E2E79434}.Release|Any CPU.ActiveCfg = Release|Any CPU
		{D20342A2-91F9-4064-B904-35C7E2E79434}.Release|Any CPU.Build.0 = Release|Any CPU
	EndGlobalSection
	GlobalSection(SolutionProperties) = preSolution
		HideSolutionNode = FALSE
	EndGlobalSection
	GlobalSection(ExtensibilityGlobals) = postSolution
		SolutionGuid = {44A7E40D-A705-4311-B15C-F53EB2B24538}
	EndGlobalSection
EndGlobal
