
Microsoft Visual Studio Solution File, Format Version 12.00
# Visual Studio 15
VisualStudioVersion = 15.0.28010.2026
MinimumVisualStudioVersion = 10.0.40219.1
Project("{FAE04EC0-301F-11D3-BF4B-00C04F79EFBC}") = "My First App on VS17", "My First App on VS17\My First App on VS17.csproj", "{F35D5E6F-E479-476F-86FE-3C75763B5A98}"
EndProject
Global
	GlobalSection(SolutionConfigurationPlatforms) = preSolution
		Debug|Any CPU = Debug|Any CPU
		Release|Any CPU = Release|Any CPU
	EndGlobalSection
	GlobalSection(ProjectConfigurationPlatforms) = postSolution
		{F35D5E6F-E479-476F-86FE-3C75763B5A98}.Debug|Any CPU.ActiveCfg = Debug|Any CPU
		{F35D5E6F-E479-476F-86FE-3C75763B5A98}.Debug|Any CPU.Build.0 = Debug|Any CPU
		{F35D5E6F-E479-476F-86FE-3C75763B5A98}.Release|Any CPU.ActiveCfg = Release|Any CPU
		{F35D5E6F-E479-476F-86FE-3C75763B5A98}.Release|Any CPU.Build.0 = Release|Any CPU
	EndGlobalSection
	GlobalSection(SolutionProperties) = preSolution
		HideSolutionNode = FALSE
	EndGlobalSection
	GlobalSection(ExtensibilityGlobals) = postSolution
		SolutionGuid = {22B6632E-EE6F-463E-B4D5-C9A4B61CC8A0}
	EndGlobalSection
EndGlobal
