
Microsoft Visual Studio Solution File, Format Version 12.00
# Visual Studio 15
VisualStudioVersion = 15.0.28010.2026
MinimumVisualStudioVersion = 10.0.40219.1
Project("{FAE04EC0-301F-11D3-BF4B-00C04F79EFBC}") = "PointerInCsharp", "PointerInCsharp\PointerInCsharp.csproj", "{1B6067D8-05C5-4338-9E36-0C57E83D7B02}"
EndProject
Global
	GlobalSection(SolutionConfigurationPlatforms) = preSolution
		Debug|Any CPU = Debug|Any CPU
		Release|Any CPU = Release|Any CPU
	EndGlobalSection
	GlobalSection(ProjectConfigurationPlatforms) = postSolution
		{1B6067D8-05C5-4338-9E36-0C57E83D7B02}.Debug|Any CPU.ActiveCfg = Debug|Any CPU
		{1B6067D8-05C5-4338-9E36-0C57E83D7B02}.Debug|Any CPU.Build.0 = Debug|Any CPU
		{1B6067D8-05C5-4338-9E36-0C57E83D7B02}.Release|Any CPU.ActiveCfg = Release|Any CPU
		{1B6067D8-05C5-4338-9E36-0C57E83D7B02}.Release|Any CPU.Build.0 = Release|Any CPU
	EndGlobalSection
	GlobalSection(SolutionProperties) = preSolution
		HideSolutionNode = FALSE
	EndGlobalSection
	GlobalSection(ExtensibilityGlobals) = postSolution
		SolutionGuid = {AEC296F1-4940-4AEE-A8CC-A526151811A2}
	EndGlobalSection
EndGlobal
