
Microsoft Visual Studio Solution File, Format Version 12.00
# Visual Studio 15
VisualStudioVersion = 15.0.28010.2048
MinimumVisualStudioVersion = 10.0.40219.1
Project("{FAE04EC0-301F-11D3-BF4B-00C04F79EFBC}") = "Assignment_!6_FileIO", "Assignment_!6_FileIO\Assignment_!6_FileIO.csproj", "{B95FE72D-222B-4B12-9CCD-35A7567BBC19}"
EndProject
Global
	GlobalSection(SolutionConfigurationPlatforms) = preSolution
		Debug|Any CPU = Debug|Any CPU
		Release|Any CPU = Release|Any CPU
	EndGlobalSection
	GlobalSection(ProjectConfigurationPlatforms) = postSolution
		{B95FE72D-222B-4B12-9CCD-35A7567BBC19}.Debug|Any CPU.ActiveCfg = Debug|Any CPU
		{B95FE72D-222B-4B12-9CCD-35A7567BBC19}.Debug|Any CPU.Build.0 = Debug|Any CPU
		{B95FE72D-222B-4B12-9CCD-35A7567BBC19}.Release|Any CPU.ActiveCfg = Release|Any CPU
		{B95FE72D-222B-4B12-9CCD-35A7567BBC19}.Release|Any CPU.Build.0 = Release|Any CPU
	EndGlobalSection
	GlobalSection(SolutionProperties) = preSolution
		HideSolutionNode = FALSE
	EndGlobalSection
	GlobalSection(ExtensibilityGlobals) = postSolution
		SolutionGuid = {8E90FC64-9C4C-40C3-BEB7-D9D6FE6E3BC4}
	EndGlobalSection
EndGlobal
