
Microsoft Visual Studio Solution File, Format Version 12.00
# Visual Studio 15
VisualStudioVersion = 15.0.28010.2041
MinimumVisualStudioVersion = 10.0.40219.1
Project("{FAE04EC0-301F-11D3-BF4B-00C04F79EFBC}") = "Assignment12", "Assignment12\Assignment12.csproj", "{5A6EB709-D786-4DCC-9989-AAB19B4A1E13}"
EndProject
Global
	GlobalSection(SolutionConfigurationPlatforms) = preSolution
		Debug|Any CPU = Debug|Any CPU
		Release|Any CPU = Release|Any CPU
	EndGlobalSection
	GlobalSection(ProjectConfigurationPlatforms) = postSolution
		{5A6EB709-D786-4DCC-9989-AAB19B4A1E13}.Debug|Any CPU.ActiveCfg = Debug|Any CPU
		{5A6EB709-D786-4DCC-9989-AAB19B4A1E13}.Debug|Any CPU.Build.0 = Debug|Any CPU
		{5A6EB709-D786-4DCC-9989-AAB19B4A1E13}.Release|Any CPU.ActiveCfg = Release|Any CPU
		{5A6EB709-D786-4DCC-9989-AAB19B4A1E13}.Release|Any CPU.Build.0 = Release|Any CPU
	EndGlobalSection
	GlobalSection(SolutionProperties) = preSolution
		HideSolutionNode = FALSE
	EndGlobalSection
	GlobalSection(ExtensibilityGlobals) = postSolution
		SolutionGuid = {DAFCD66E-21E5-4B6B-AD9F-F58EDEEC6902}
	EndGlobalSection
EndGlobal
