
Microsoft Visual Studio Solution File, Format Version 12.00
# Visual Studio 15
VisualStudioVersion = 15.0.28010.2046
MinimumVisualStudioVersion = 10.0.40219.1
Project("{FAE04EC0-301F-11D3-BF4B-00C04F79EFBC}") = "Marvellous Calculator", "Marvellous Calculator\Marvellous Calculator.csproj", "{6AB8F4F7-8B62-4F5F-8FB2-0C29831E99FD}"
EndProject
Global
	GlobalSection(SolutionConfigurationPlatforms) = preSolution
		Debug|Any CPU = Debug|Any CPU
		Release|Any CPU = Release|Any CPU
	EndGlobalSection
	GlobalSection(ProjectConfigurationPlatforms) = postSolution
		{6AB8F4F7-8B62-4F5F-8FB2-0C29831E99FD}.Debug|Any CPU.ActiveCfg = Debug|Any CPU
		{6AB8F4F7-8B62-4F5F-8FB2-0C29831E99FD}.Debug|Any CPU.Build.0 = Debug|Any CPU
		{6AB8F4F7-8B62-4F5F-8FB2-0C29831E99FD}.Release|Any CPU.ActiveCfg = Release|Any CPU
		{6AB8F4F7-8B62-4F5F-8FB2-0C29831E99FD}.Release|Any CPU.Build.0 = Release|Any CPU
	EndGlobalSection
	GlobalSection(SolutionProperties) = preSolution
		HideSolutionNode = FALSE
	EndGlobalSection
	GlobalSection(ExtensibilityGlobals) = postSolution
		SolutionGuid = {43189BBB-27E3-4099-826A-B5F3278D337A}
	EndGlobalSection
EndGlobal
