
Microsoft Visual Studio Solution File, Format Version 12.00
# Visual Studio 2012
Project("{FAE04EC0-301F-11D3-BF4B-00C04F79EFBC}") = "Pointer", "Pointer\Pointer.csproj", "{FA5FD5BA-2FEB-44E8-B8CE-91C569E68FB9}"
EndProject
Global
	GlobalSection(SolutionConfigurationPlatforms) = preSolution
		Debug|Any CPU = Debug|Any CPU
		Release|Any CPU = Release|Any CPU
	EndGlobalSection
	GlobalSection(ProjectConfigurationPlatforms) = postSolution
		{FA5FD5BA-2FEB-44E8-B8CE-91C569E68FB9}.Debug|Any CPU.ActiveCfg = Debug|Any CPU
		{FA5FD5BA-2FEB-44E8-B8CE-91C569E68FB9}.Debug|Any CPU.Build.0 = Debug|Any CPU
		{FA5FD5BA-2FEB-44E8-B8CE-91C569E68FB9}.Release|Any CPU.ActiveCfg = Release|Any CPU
		{FA5FD5BA-2FEB-44E8-B8CE-91C569E68FB9}.Release|Any CPU.Build.0 = Release|Any CPU
	EndGlobalSection
	GlobalSection(SolutionProperties) = preSolution
		HideSolutionNode = FALSE
	EndGlobalSection
EndGlobal
