
Microsoft Visual Studio Solution File, Format Version 12.00
# Visual Studio 15
VisualStudioVersion = 15.0.28010.2036
MinimumVisualStudioVersion = 10.0.40219.1
Project("{FAE04EC0-301F-11D3-BF4B-00C04F79EFBC}") = "StringDemo", "StringDemo\StringDemo.csproj", "{8BCC44E9-013F-4DCB-9839-81AE71F2555C}"
EndProject
Global
	GlobalSection(SolutionConfigurationPlatforms) = preSolution
		Debug|Any CPU = Debug|Any CPU
		Release|Any CPU = Release|Any CPU
	EndGlobalSection
	GlobalSection(ProjectConfigurationPlatforms) = postSolution
		{8BCC44E9-013F-4DCB-9839-81AE71F2555C}.Debug|Any CPU.ActiveCfg = Debug|Any CPU
		{8BCC44E9-013F-4DCB-9839-81AE71F2555C}.Debug|Any CPU.Build.0 = Debug|Any CPU
		{8BCC44E9-013F-4DCB-9839-81AE71F2555C}.Release|Any CPU.ActiveCfg = Release|Any CPU
		{8BCC44E9-013F-4DCB-9839-81AE71F2555C}.Release|Any CPU.Build.0 = Release|Any CPU
	EndGlobalSection
	GlobalSection(SolutionProperties) = preSolution
		HideSolutionNode = FALSE
	EndGlobalSection
	GlobalSection(ExtensibilityGlobals) = postSolution
		SolutionGuid = {D4E61B91-B014-413A-A6D5-DE32E3C9DA3D}
	EndGlobalSection
EndGlobal
