
Microsoft Visual Studio Solution File, Format Version 12.00
# Visual Studio 15
VisualStudioVersion = 15.0.28010.2041
MinimumVisualStudioVersion = 10.0.40219.1
Project("{FAE04EC0-301F-11D3-BF4B-00C04F79EFBC}") = "Assignment11", "Assignment11\Assignment11.csproj", "{5EE522E4-93D9-4814-8769-2A8B76ACC664}"
EndProject
Global
	GlobalSection(SolutionConfigurationPlatforms) = preSolution
		Debug|Any CPU = Debug|Any CPU
		Release|Any CPU = Release|Any CPU
	EndGlobalSection
	GlobalSection(ProjectConfigurationPlatforms) = postSolution
		{5EE522E4-93D9-4814-8769-2A8B76ACC664}.Debug|Any CPU.ActiveCfg = Debug|Any CPU
		{5EE522E4-93D9-4814-8769-2A8B76ACC664}.Debug|Any CPU.Build.0 = Debug|Any CPU
		{5EE522E4-93D9-4814-8769-2A8B76ACC664}.Release|Any CPU.ActiveCfg = Release|Any CPU
		{5EE522E4-93D9-4814-8769-2A8B76ACC664}.Release|Any CPU.Build.0 = Release|Any CPU
	EndGlobalSection
	GlobalSection(SolutionProperties) = preSolution
		HideSolutionNode = FALSE
	EndGlobalSection
	GlobalSection(ExtensibilityGlobals) = postSolution
		SolutionGuid = {4A875A25-3D15-4913-8842-55C412AF793F}
	EndGlobalSection
EndGlobal
