
Microsoft Visual Studio Solution File, Format Version 12.00
# Visual Studio 15
VisualStudioVersion = 15.0.28010.2041
MinimumVisualStudioVersion = 10.0.40219.1
Project("{FAE04EC0-301F-11D3-BF4B-00C04F79EFBC}") = "Assignment10", "Assignment10\Assignment10.csproj", "{7E329245-A36F-45D6-A950-081C9D8B0687}"
EndProject
Global
	GlobalSection(SolutionConfigurationPlatforms) = preSolution
		Debug|Any CPU = Debug|Any CPU
		Release|Any CPU = Release|Any CPU
	EndGlobalSection
	GlobalSection(ProjectConfigurationPlatforms) = postSolution
		{7E329245-A36F-45D6-A950-081C9D8B0687}.Debug|Any CPU.ActiveCfg = Debug|Any CPU
		{7E329245-A36F-45D6-A950-081C9D8B0687}.Debug|Any CPU.Build.0 = Debug|Any CPU
		{7E329245-A36F-45D6-A950-081C9D8B0687}.Release|Any CPU.ActiveCfg = Release|Any CPU
		{7E329245-A36F-45D6-A950-081C9D8B0687}.Release|Any CPU.Build.0 = Release|Any CPU
	EndGlobalSection
	GlobalSection(SolutionProperties) = preSolution
		HideSolutionNode = FALSE
	EndGlobalSection
	GlobalSection(ExtensibilityGlobals) = postSolution
		SolutionGuid = {FEB37AEB-7556-486C-B821-F50065485CF6}
	EndGlobalSection
EndGlobal
